
Microsoft Visual Studio Solution File, Format Version 12.00
# Visual Studio 14
VisualStudioVersion = 14.0.25420.1
MinimumVisualStudioVersion = 10.0.40219.1
Project("{FAE04EC0-301F-11D3-BF4B-00C04F79EFBC}") = "LED Cube Utility", "LED Cube Utility\LED Cube Utility.csproj", "{93CE0AF2-F006-4F7D-A0B8-DC30E7238237}"
EndProject
Project("{FAE04EC0-301F-11D3-BF4B-00C04F79EFBC}") = "Led3dImage", "Led3dImage\Led3dImage.csproj", "{A848B0B9-2EAA-4FE8-95A7-A2E48C2F3B57}"
EndProject
Global
	GlobalSection(SolutionConfigurationPlatforms) = preSolution
		Debug|Any CPU = Debug|Any CPU
		Release|Any CPU = Release|Any CPU
	EndGlobalSection
	GlobalSection(ProjectConfigurationPlatforms) = postSolution
		{93CE0AF2-F006-4F7D-A0B8-DC30E7238237}.Debug|Any CPU.ActiveCfg = Debug|Any CPU
		{93CE0AF2-F006-4F7D-A0B8-DC30E7238237}.Debug|Any CPU.Build.0 = Debug|Any CPU
		{93CE0AF2-F006-4F7D-A0B8-DC30E7238237}.Release|Any CPU.ActiveCfg = Release|Any CPU
		{93CE0AF2-F006-4F7D-A0B8-DC30E7238237}.Release|Any CPU.Build.0 = Release|Any CPU
		{A848B0B9-2EAA-4FE8-95A7-A2E48C2F3B57}.Debug|Any CPU.ActiveCfg = Debug|Any CPU
		{A848B0B9-2EAA-4FE8-95A7-A2E48C2F3B57}.Debug|Any CPU.Build.0 = Debug|Any CPU
		{A848B0B9-2EAA-4FE8-95A7-A2E48C2F3B57}.Release|Any CPU.ActiveCfg = Release|Any CPU
		{A848B0B9-2EAA-4FE8-95A7-A2E48C2F3B57}.Release|Any CPU.Build.0 = Release|Any CPU
	EndGlobalSection
	GlobalSection(SolutionProperties) = preSolution
		HideSolutionNode = FALSE
	EndGlobalSection
EndGlobal
